
Microsoft Visual Studio Solution File, Format Version 12.00
# Visual Studio 15
VisualStudioVersion = 15.0.28307.1022
MinimumVisualStudioVersion = 10.0.40219.1
Project("{FAE04EC0-301F-11D3-BF4B-00C04F79EFBC}") = "AuctionServer", "AuctionServer\AuctionServer.csproj", "{15E2D104-3B46-4B1D-84AE-9C5CA1E72327}"
EndProject
Project("{FAE04EC0-301F-11D3-BF4B-00C04F79EFBC}") = "AuectionHost", "AuectionHost\AuectionHost.csproj", "{1EEF4F0D-A720-4275-9581-995A7C57E9EA}"
EndProject
Global
	GlobalSection(SolutionConfigurationPlatforms) = preSolution
		Debug|Any CPU = Debug|Any CPU
		Release|Any CPU = Release|Any CPU
	EndGlobalSection
	GlobalSection(ProjectConfigurationPlatforms) = postSolution
		{15E2D104-3B46-4B1D-84AE-9C5CA1E72327}.Debug|Any CPU.ActiveCfg = Debug|Any CPU
		{15E2D104-3B46-4B1D-84AE-9C5CA1E72327}.Debug|Any CPU.Build.0 = Debug|Any CPU
		{15E2D104-3B46-4B1D-84AE-9C5CA1E72327}.Release|Any CPU.ActiveCfg = Release|Any CPU
		{15E2D104-3B46-4B1D-84AE-9C5CA1E72327}.Release|Any CPU.Build.0 = Release|Any CPU
		{1EEF4F0D-A720-4275-9581-995A7C57E9EA}.Debug|Any CPU.ActiveCfg = Debug|Any CPU
		{1EEF4F0D-A720-4275-9581-995A7C57E9EA}.Debug|Any CPU.Build.0 = Debug|Any CPU
		{1EEF4F0D-A720-4275-9581-995A7C57E9EA}.Release|Any CPU.ActiveCfg = Release|Any CPU
		{1EEF4F0D-A720-4275-9581-995A7C57E9EA}.Release|Any CPU.Build.0 = Release|Any CPU
	EndGlobalSection
	GlobalSection(SolutionProperties) = preSolution
		HideSolutionNode = FALSE
	EndGlobalSection
	GlobalSection(ExtensibilityGlobals) = postSolution
		SolutionGuid = {6752DE11-72EF-44E5-B1F4-62333DB17D37}
	EndGlobalSection
EndGlobal
