
Microsoft Visual Studio Solution File, Format Version 12.00
# Visual Studio 15
VisualStudioVersion = 15.0.28307.1022
MinimumVisualStudioVersion = 10.0.40219.1
Project("{FAE04EC0-301F-11D3-BF4B-00C04F79EFBC}") = "Auction", "Auction\Auction.csproj", "{EE3FA8EF-8BEC-45D3-A13F-77ED7F05716E}"
EndProject
Global
	GlobalSection(SolutionConfigurationPlatforms) = preSolution
		Debug|Any CPU = Debug|Any CPU
		Release|Any CPU = Release|Any CPU
	EndGlobalSection
	GlobalSection(ProjectConfigurationPlatforms) = postSolution
		{EE3FA8EF-8BEC-45D3-A13F-77ED7F05716E}.Debug|Any CPU.ActiveCfg = Debug|Any CPU
		{EE3FA8EF-8BEC-45D3-A13F-77ED7F05716E}.Debug|Any CPU.Build.0 = Debug|Any CPU
		{EE3FA8EF-8BEC-45D3-A13F-77ED7F05716E}.Release|Any CPU.ActiveCfg = Release|Any CPU
		{EE3FA8EF-8BEC-45D3-A13F-77ED7F05716E}.Release|Any CPU.Build.0 = Release|Any CPU
	EndGlobalSection
	GlobalSection(SolutionProperties) = preSolution
		HideSolutionNode = FALSE
	EndGlobalSection
	GlobalSection(ExtensibilityGlobals) = postSolution
		SolutionGuid = {E36DED68-A172-485C-AB76-7F9CAA2ACF65}
	EndGlobalSection
EndGlobal
